Microsoft Visual Studio Solution File, Format Version 8.00
Project("{8BC9CEB8-8B4A-11D0-8D11-00A0C91BC942}") = "服务核心", "公共组件\服务核心\ServiceCore.vcproj", "{B1320037-89DD-4F99-A628-69DC200DFA05}"
	ProjectSection(ProjectDependencies) = postProject
	EndProjectSection
EndProject
Project("{8BC9CEB8-8B4A-11D0-8D11-00A0C91BC942}") = "进程控制", "公共组件\进程控制\ProcessControl.vcproj", "{D4816EB8-590E-4EBC-9D61-2A77D0070FEE}"
	ProjectSection(ProjectDependencies) = postProject
		{B1320037-89DD-4F99-A628-69DC200DFA05} = {B1320037-89DD-4F99-A628-69DC200DFA05}
	EndProjectSection
EndProject
Project("{8BC9CEB8-8B4A-11D0-8D11-00A0C91BC942}") = "协调服务器", "服务器组件\协调服务器\Correspond.vcproj", "{0167D883-34DA-47FC-A903-6BE341FD8DC5}"
	ProjectSection(ProjectDependencies) = postProject
		{CC596332-197E-407B-95F3-CB817470ED84} = {CC596332-197E-407B-95F3-CB817470ED84}
		{B1320037-89DD-4F99-A628-69DC200DFA05} = {B1320037-89DD-4F99-A628-69DC200DFA05}
	EndProjectSection
EndProject
Project("{8BC9CEB8-8B4A-11D0-8D11-00A0C91BC942}") = "登录服务器", "服务器组件\登录服务器\LogonServer.vcproj", "{CD826B8C-89BD-44AF-A1DE-0A91494CD763}"
	ProjectSection(ProjectDependencies) = postProject
		{CC596332-197E-407B-95F3-CB817470ED84} = {CC596332-197E-407B-95F3-CB817470ED84}
		{B1320037-89DD-4F99-A628-69DC200DFA05} = {B1320037-89DD-4F99-A628-69DC200DFA05}
	EndProjectSection
EndProject
Project("{8BC9CEB8-8B4A-11D0-8D11-00A0C91BC942}") = "模块管理", "服务器组件\模块管理\ModuleManager.vcproj", "{ED28DEC3-BBC7-43FA-998B-11DCFAA69CEF}"
	ProjectSection(ProjectDependencies) = postProject
		{B1320037-89DD-4F99-A628-69DC200DFA05} = {B1320037-89DD-4F99-A628-69DC200DFA05}
	EndProjectSection
EndProject
Project("{8BC9CEB8-8B4A-11D0-8D11-00A0C91BC942}") = "游戏服务", "服务器组件\游戏服务\GameService.vcproj", "{07F0CF5A-4D5D-4DBB-A723-4DF612C3AB33}"
	ProjectSection(ProjectDependencies) = postProject
		{B1320037-89DD-4F99-A628-69DC200DFA05} = {B1320037-89DD-4F99-A628-69DC200DFA05}
	EndProjectSection
EndProject
Project("{8BC9CEB8-8B4A-11D0-8D11-00A0C91BC942}") = "游戏服务器", "服务器组件\游戏服务器\GameServer.vcproj", "{267C213B-3F02-4627-8734-E361A61C83F9}"
	ProjectSection(ProjectDependencies) = postProject
		{CC596332-197E-407B-95F3-CB817470ED84} = {CC596332-197E-407B-95F3-CB817470ED84}
		{B1320037-89DD-4F99-A628-69DC200DFA05} = {B1320037-89DD-4F99-A628-69DC200DFA05}
		{07F0CF5A-4D5D-4DBB-A723-4DF612C3AB33} = {07F0CF5A-4D5D-4DBB-A723-4DF612C3AB33}
		{ED28DEC3-BBC7-43FA-998B-11DCFAA69CEF} = {ED28DEC3-BBC7-43FA-998B-11DCFAA69CEF}
	EndProjectSection
EndProject
Project("{8BC9CEB8-8B4A-11D0-8D11-00A0C91BC942}") = "界面控件", "客户端组件\界面控件\SkinControl.vcproj", "{10AC72C9-82A7-4C08-8FF2-27730D76518D}"
	ProjectSection(ProjectDependencies) = postProject
		{A8E64F0B-3137-4993-A512-22CC787F7627} = {A8E64F0B-3137-4993-A512-22CC787F7627}
		{B1320037-89DD-4F99-A628-69DC200DFA05} = {B1320037-89DD-4F99-A628-69DC200DFA05}
	EndProjectSection
EndProject
Project("{8BC9CEB8-8B4A-11D0-8D11-00A0C91BC942}") = "图像控件", "客户端组件\图像控件\WHImage.vcproj", "{A8E64F0B-3137-4993-A512-22CC787F7627}"
	ProjectSection(ProjectDependencies) = postProject
		{B1320037-89DD-4F99-A628-69DC200DFA05} = {B1320037-89DD-4F99-A628-69DC200DFA05}
	EndProjectSection
EndProject
Project("{8BC9CEB8-8B4A-11D0-8D11-00A0C91BC942}") = "下载组件", "客户端组件\下载组件\DownLoad.vcproj", "{44CBB750-E895-4BDB-8A7A-5B8F009AABDE}"
	ProjectSection(ProjectDependencies) = postProject
		{A8E64F0B-3137-4993-A512-22CC787F7627} = {A8E64F0B-3137-4993-A512-22CC787F7627}
		{CC596332-197E-407B-95F3-CB817470ED84} = {CC596332-197E-407B-95F3-CB817470ED84}
		{B1320037-89DD-4F99-A628-69DC200DFA05} = {B1320037-89DD-4F99-A628-69DC200DFA05}
		{10AC72C9-82A7-4C08-8FF2-27730D76518D} = {10AC72C9-82A7-4C08-8FF2-27730D76518D}
	EndProjectSection
EndProject
Project("{8BC9CEB8-8B4A-11D0-8D11-00A0C91BC942}") = "形象组件", "客户端组件\形象组件\AvatarControl.vcproj", "{6D2C97FD-5E1A-4489-90F8-EA0BC53486E0}"
	ProjectSection(ProjectDependencies) = postProject
		{A8E64F0B-3137-4993-A512-22CC787F7627} = {A8E64F0B-3137-4993-A512-22CC787F7627}
		{AC6A2927-5746-4A84-9E30-DFFE0722833B} = {AC6A2927-5746-4A84-9E30-DFFE0722833B}
		{10AC72C9-82A7-4C08-8FF2-27730D76518D} = {10AC72C9-82A7-4C08-8FF2-27730D76518D}
	EndProjectSection
EndProject
Project("{8BC9CEB8-8B4A-11D0-8D11-00A0C91BC942}") = "游戏控件", "客户端组件\游戏控件\ShareControl.vcproj", "{AC6A2927-5746-4A84-9E30-DFFE0722833B}"
	ProjectSection(ProjectDependencies) = postProject
		{A8E64F0B-3137-4993-A512-22CC787F7627} = {A8E64F0B-3137-4993-A512-22CC787F7627}
		{B1320037-89DD-4F99-A628-69DC200DFA05} = {B1320037-89DD-4F99-A628-69DC200DFA05}
		{10AC72C9-82A7-4C08-8FF2-27730D76518D} = {10AC72C9-82A7-4C08-8FF2-27730D76518D}
	EndProjectSection
EndProject
Project("{8BC9CEB8-8B4A-11D0-8D11-00A0C91BC942}") = "用户服务", "客户端组件\用户服务\UserService.vcproj", "{E8BB4ED2-44D1-4541-A6B4-C05C201FB856}"
	ProjectSection(ProjectDependencies) = postProject
		{CC596332-197E-407B-95F3-CB817470ED84} = {CC596332-197E-407B-95F3-CB817470ED84}
	EndProjectSection
EndProject
Project("{8BC9CEB8-8B4A-11D0-8D11-00A0C91BC942}") = "平台数据", "客户端组件\平台数据\PlatformData.vcproj", "{CC596332-197E-407B-95F3-CB817470ED84}"
	ProjectSection(ProjectDependencies) = postProject
		{B1320037-89DD-4F99-A628-69DC200DFA05} = {B1320037-89DD-4F99-A628-69DC200DFA05}
	EndProjectSection
EndProject
Project("{8BC9CEB8-8B4A-11D0-8D11-00A0C91BC942}") = "游戏广场", "客户端组件\游戏广场\GamePlaza.vcproj", "{3E5290EE-EC1B-4591-BB6F-B453BB65F471}"
	ProjectSection(ProjectDependencies) = postProject
		{A8E64F0B-3137-4993-A512-22CC787F7627} = {A8E64F0B-3137-4993-A512-22CC787F7627}
		{AC6A2927-5746-4A84-9E30-DFFE0722833B} = {AC6A2927-5746-4A84-9E30-DFFE0722833B}
		{CC596332-197E-407B-95F3-CB817470ED84} = {CC596332-197E-407B-95F3-CB817470ED84}
		{B1320037-89DD-4F99-A628-69DC200DFA05} = {B1320037-89DD-4F99-A628-69DC200DFA05}
		{44CBB750-E895-4BDB-8A7A-5B8F009AABDE} = {44CBB750-E895-4BDB-8A7A-5B8F009AABDE}
		{4A3E5E93-A227-426F-8E6F-F588B9CA87B5} = {4A3E5E93-A227-426F-8E6F-F588B9CA87B5}
		{D4816EB8-590E-4EBC-9D61-2A77D0070FEE} = {D4816EB8-590E-4EBC-9D61-2A77D0070FEE}
		{10AC72C9-82A7-4C08-8FF2-27730D76518D} = {10AC72C9-82A7-4C08-8FF2-27730D76518D}
		{E8BB4ED2-44D1-4541-A6B4-C05C201FB856} = {E8BB4ED2-44D1-4541-A6B4-C05C201FB856}
		{EF2F0AF7-DC00-454B-9EC7-CC7887AA0137} = {EF2F0AF7-DC00-454B-9EC7-CC7887AA0137}
		{6D2C97FD-5E1A-4489-90F8-EA0BC53486E0} = {6D2C97FD-5E1A-4489-90F8-EA0BC53486E0}
	EndProjectSection
EndProject
Project("{8BC9CEB8-8B4A-11D0-8D11-00A0C91BC942}") = "游戏框架", "客户端组件\游戏框架\GameFrame.vcproj", "{EF2F0AF7-DC00-454B-9EC7-CC7887AA0137}"
	ProjectSection(ProjectDependencies) = postProject
		{A8E64F0B-3137-4993-A512-22CC787F7627} = {A8E64F0B-3137-4993-A512-22CC787F7627}
		{AC6A2927-5746-4A84-9E30-DFFE0722833B} = {AC6A2927-5746-4A84-9E30-DFFE0722833B}
		{CC596332-197E-407B-95F3-CB817470ED84} = {CC596332-197E-407B-95F3-CB817470ED84}
		{B1320037-89DD-4F99-A628-69DC200DFA05} = {B1320037-89DD-4F99-A628-69DC200DFA05}
		{44CBB750-E895-4BDB-8A7A-5B8F009AABDE} = {44CBB750-E895-4BDB-8A7A-5B8F009AABDE}
		{4A3E5E93-A227-426F-8E6F-F588B9CA87B5} = {4A3E5E93-A227-426F-8E6F-F588B9CA87B5}
		{D4816EB8-590E-4EBC-9D61-2A77D0070FEE} = {D4816EB8-590E-4EBC-9D61-2A77D0070FEE}
		{10AC72C9-82A7-4C08-8FF2-27730D76518D} = {10AC72C9-82A7-4C08-8FF2-27730D76518D}
		{E8BB4ED2-44D1-4541-A6B4-C05C201FB856} = {E8BB4ED2-44D1-4541-A6B4-C05C201FB856}
		{6D2C97FD-5E1A-4489-90F8-EA0BC53486E0} = {6D2C97FD-5E1A-4489-90F8-EA0BC53486E0}
	EndProjectSection
EndProject
Project("{8BC9CEB8-8B4A-11D0-8D11-00A0C91BC942}") = "游戏道具", "客户端组件\游戏道具\GameProperty.vcproj", "{4A3E5E93-A227-426F-8E6F-F588B9CA87B5}"
	ProjectSection(ProjectDependencies) = postProject
		{A8E64F0B-3137-4993-A512-22CC787F7627} = {A8E64F0B-3137-4993-A512-22CC787F7627}
		{B1320037-89DD-4F99-A628-69DC200DFA05} = {B1320037-89DD-4F99-A628-69DC200DFA05}
		{10AC72C9-82A7-4C08-8FF2-27730D76518D} = {10AC72C9-82A7-4C08-8FF2-27730D76518D}
	EndProjectSection
EndProject
Global
	GlobalSection(SolutionConfiguration) = preSolution
		Debug = Debug
		Debug_Unicode = Debug_Unicode
		Release = Release
		Release_Unicode = Release_Unicode
	EndGlobalSection
	GlobalSection(ProjectConfiguration) = postSolution
		{B1320037-89DD-4F99-A628-69DC200DFA05}.Debug.ActiveCfg = Debug|Win32
		{B1320037-89DD-4F99-A628-69DC200DFA05}.Debug.Build.0 = Debug|Win32
		{B1320037-89DD-4F99-A628-69DC200DFA05}.Debug_Unicode.ActiveCfg = Debug_Unicode|Win32
		{B1320037-89DD-4F99-A628-69DC200DFA05}.Debug_Unicode.Build.0 = Debug_Unicode|Win32
		{B1320037-89DD-4F99-A628-69DC200DFA05}.Release.ActiveCfg = Release|Win32
		{B1320037-89DD-4F99-A628-69DC200DFA05}.Release.Build.0 = Release|Win32
		{B1320037-89DD-4F99-A628-69DC200DFA05}.Release_Unicode.ActiveCfg = Release_Unicode|Win32
		{B1320037-89DD-4F99-A628-69DC200DFA05}.Release_Unicode.Build.0 = Release_Unicode|Win32
		{D4816EB8-590E-4EBC-9D61-2A77D0070FEE}.Debug.ActiveCfg = Debug|Win32
		{D4816EB8-590E-4EBC-9D61-2A77D0070FEE}.Debug.Build.0 = Debug|Win32
		{D4816EB8-590E-4EBC-9D61-2A77D0070FEE}.Debug_Unicode.ActiveCfg = Debug_Unicode|Win32
		{D4816EB8-590E-4EBC-9D61-2A77D0070FEE}.Debug_Unicode.Build.0 = Debug_Unicode|Win32
		{D4816EB8-590E-4EBC-9D61-2A77D0070FEE}.Release.ActiveCfg = Release|Win32
		{D4816EB8-590E-4EBC-9D61-2A77D0070FEE}.Release.Build.0 = Release|Win32
		{D4816EB8-590E-4EBC-9D61-2A77D0070FEE}.Release_Unicode.ActiveCfg = Release_Unicode|Win32
		{D4816EB8-590E-4EBC-9D61-2A77D0070FEE}.Release_Unicode.Build.0 = Release_Unicode|Win32
		{0167D883-34DA-47FC-A903-6BE341FD8DC5}.Debug.ActiveCfg = Debug|Win32
		{0167D883-34DA-47FC-A903-6BE341FD8DC5}.Debug.Build.0 = Debug|Win32
		{0167D883-34DA-47FC-A903-6BE341FD8DC5}.Debug_Unicode.ActiveCfg = Debug_Unicode|Win32
		{0167D883-34DA-47FC-A903-6BE341FD8DC5}.Debug_Unicode.Build.0 = Debug_Unicode|Win32
		{0167D883-34DA-47FC-A903-6BE341FD8DC5}.Release.ActiveCfg = Release|Win32
		{0167D883-34DA-47FC-A903-6BE341FD8DC5}.Release.Build.0 = Release|Win32
		{0167D883-34DA-47FC-A903-6BE341FD8DC5}.Release_Unicode.ActiveCfg = Release_Unicode|Win32
		{0167D883-34DA-47FC-A903-6BE341FD8DC5}.Release_Unicode.Build.0 = Release_Unicode|Win32
		{CD826B8C-89BD-44AF-A1DE-0A91494CD763}.Debug.ActiveCfg = Debug|Win32
		{CD826B8C-89BD-44AF-A1DE-0A91494CD763}.Debug.Build.0 = Debug|Win32
		{CD826B8C-89BD-44AF-A1DE-0A91494CD763}.Debug_Unicode.ActiveCfg = Debug_Unicode|Win32
		{CD826B8C-89BD-44AF-A1DE-0A91494CD763}.Debug_Unicode.Build.0 = Debug_Unicode|Win32
		{CD826B8C-89BD-44AF-A1DE-0A91494CD763}.Release.ActiveCfg = Release|Win32
		{CD826B8C-89BD-44AF-A1DE-0A91494CD763}.Release.Build.0 = Release|Win32
		{CD826B8C-89BD-44AF-A1DE-0A91494CD763}.Release_Unicode.ActiveCfg = Release_Unicode|Win32
		{CD826B8C-89BD-44AF-A1DE-0A91494CD763}.Release_Unicode.Build.0 = Release_Unicode|Win32
		{ED28DEC3-BBC7-43FA-998B-11DCFAA69CEF}.Debug.ActiveCfg = Debug|Win32
		{ED28DEC3-BBC7-43FA-998B-11DCFAA69CEF}.Debug.Build.0 = Debug|Win32
		{ED28DEC3-BBC7-43FA-998B-11DCFAA69CEF}.Debug_Unicode.ActiveCfg = Debug_Unicode|Win32
		{ED28DEC3-BBC7-43FA-998B-11DCFAA69CEF}.Debug_Unicode.Build.0 = Debug_Unicode|Win32
		{ED28DEC3-BBC7-43FA-998B-11DCFAA69CEF}.Release.ActiveCfg = Release|Win32
		{ED28DEC3-BBC7-43FA-998B-11DCFAA69CEF}.Release.Build.0 = Release|Win32
		{ED28DEC3-BBC7-43FA-998B-11DCFAA69CEF}.Release_Unicode.ActiveCfg = Release_Unicode|Win32
		{ED28DEC3-BBC7-43FA-998B-11DCFAA69CEF}.Release_Unicode.Build.0 = Release_Unicode|Win32
		{07F0CF5A-4D5D-4DBB-A723-4DF612C3AB33}.Debug.ActiveCfg = Debug|Win32
		{07F0CF5A-4D5D-4DBB-A723-4DF612C3AB33}.Debug.Build.0 = Debug|Win32
		{07F0CF5A-4D5D-4DBB-A723-4DF612C3AB33}.Debug_Unicode.ActiveCfg = Debug_Unicode|Win32
		{07F0CF5A-4D5D-4DBB-A723-4DF612C3AB33}.Debug_Unicode.Build.0 = Debug_Unicode|Win32
		{07F0CF5A-4D5D-4DBB-A723-4DF612C3AB33}.Release.ActiveCfg = Release|Win32
		{07F0CF5A-4D5D-4DBB-A723-4DF612C3AB33}.Release.Build.0 = Release|Win32
		{07F0CF5A-4D5D-4DBB-A723-4DF612C3AB33}.Release_Unicode.ActiveCfg = Release_Unicode|Win32
		{07F0CF5A-4D5D-4DBB-A723-4DF612C3AB33}.Release_Unicode.Build.0 = Release_Unicode|Win32
		{267C213B-3F02-4627-8734-E361A61C83F9}.Debug.ActiveCfg = Debug|Win32
		{267C213B-3F02-4627-8734-E361A61C83F9}.Debug.Build.0 = Debug|Win32
		{267C213B-3F02-4627-8734-E361A61C83F9}.Debug_Unicode.ActiveCfg = Debug_Unicode|Win32
		{267C213B-3F02-4627-8734-E361A61C83F9}.Debug_Unicode.Build.0 = Debug_Unicode|Win32
		{267C213B-3F02-4627-8734-E361A61C83F9}.Release.ActiveCfg = Release|Win32
		{267C213B-3F02-4627-8734-E361A61C83F9}.Release.Build.0 = Release|Win32
		{267C213B-3F02-4627-8734-E361A61C83F9}.Release_Unicode.ActiveCfg = Release_Unicode|Win32
		{267C213B-3F02-4627-8734-E361A61C83F9}.Release_Unicode.Build.0 = Release_Unicode|Win32
		{10AC72C9-82A7-4C08-8FF2-27730D76518D}.Debug.ActiveCfg = Debug|Win32
		{10AC72C9-82A7-4C08-8FF2-27730D76518D}.Debug.Build.0 = Debug|Win32
		{10AC72C9-82A7-4C08-8FF2-27730D76518D}.Debug_Unicode.ActiveCfg = Debug_Unicode|Win32
		{10AC72C9-82A7-4C08-8FF2-27730D76518D}.Debug_Unicode.Build.0 = Debug_Unicode|Win32
		{10AC72C9-82A7-4C08-8FF2-27730D76518D}.Release.ActiveCfg = Release|Win32
		{10AC72C9-82A7-4C08-8FF2-27730D76518D}.Release.Build.0 = Release|Win32
		{10AC72C9-82A7-4C08-8FF2-27730D76518D}.Release_Unicode.ActiveCfg = Release_Unicode|Win32
		{10AC72C9-82A7-4C08-8FF2-27730D76518D}.Release_Unicode.Build.0 = Release_Unicode|Win32
		{A8E64F0B-3137-4993-A512-22CC787F7627}.Debug.ActiveCfg = Debug|Win32
		{A8E64F0B-3137-4993-A512-22CC787F7627}.Debug.Build.0 = Debug|Win32
		{A8E64F0B-3137-4993-A512-22CC787F7627}.Debug_Unicode.ActiveCfg = Debug_Unicode|Win32
		{A8E64F0B-3137-4993-A512-22CC787F7627}.Debug_Unicode.Build.0 = Debug_Unicode|Win32
		{A8E64F0B-3137-4993-A512-22CC787F7627}.Release.ActiveCfg = Release|Win32
		{A8E64F0B-3137-4993-A512-22CC787F7627}.Release.Build.0 = Release|Win32
		{A8E64F0B-3137-4993-A512-22CC787F7627}.Release_Unicode.ActiveCfg = Release_Unicode|Win32
		{A8E64F0B-3137-4993-A512-22CC787F7627}.Release_Unicode.Build.0 = Release_Unicode|Win32
		{44CBB750-E895-4BDB-8A7A-5B8F009AABDE}.Debug.ActiveCfg = Debug|Win32
		{44CBB750-E895-4BDB-8A7A-5B8F009AABDE}.Debug.Build.0 = Debug|Win32
		{44CBB750-E895-4BDB-8A7A-5B8F009AABDE}.Debug_Unicode.ActiveCfg = Debug_Unicode|Win32
		{44CBB750-E895-4BDB-8A7A-5B8F009AABDE}.Debug_Unicode.Build.0 = Debug_Unicode|Win32
		{44CBB750-E895-4BDB-8A7A-5B8F009AABDE}.Release.ActiveCfg = Release|Win32
		{44CBB750-E895-4BDB-8A7A-5B8F009AABDE}.Release.Build.0 = Release|Win32
		{44CBB750-E895-4BDB-8A7A-5B8F009AABDE}.Release_Unicode.ActiveCfg = Release_Unicode|Win32
		{44CBB750-E895-4BDB-8A7A-5B8F009AABDE}.Release_Unicode.Build.0 = Release_Unicode|Win32
		{6D2C97FD-5E1A-4489-90F8-EA0BC53486E0}.Debug.ActiveCfg = Debug|Win32
		{6D2C97FD-5E1A-4489-90F8-EA0BC53486E0}.Debug.Build.0 = Debug|Win32
		{6D2C97FD-5E1A-4489-90F8-EA0BC53486E0}.Debug_Unicode.ActiveCfg = Debug_Unicode|Win32
		{6D2C97FD-5E1A-4489-90F8-EA0BC53486E0}.Debug_Unicode.Build.0 = Debug_Unicode|Win32
		{6D2C97FD-5E1A-4489-90F8-EA0BC53486E0}.Release.ActiveCfg = Release|Win32
		{6D2C97FD-5E1A-4489-90F8-EA0BC53486E0}.Release.Build.0 = Release|Win32
		{6D2C97FD-5E1A-4489-90F8-EA0BC53486E0}.Release_Unicode.ActiveCfg = Release_Unicode|Win32
		{6D2C97FD-5E1A-4489-90F8-EA0BC53486E0}.Release_Unicode.Build.0 = Release_Unicode|Win32
		{AC6A2927-5746-4A84-9E30-DFFE0722833B}.Debug.ActiveCfg = Debug|Win32
		{AC6A2927-5746-4A84-9E30-DFFE0722833B}.Debug.Build.0 = Debug|Win32
		{AC6A2927-5746-4A84-9E30-DFFE0722833B}.Debug_Unicode.ActiveCfg = Debug_Unicode|Win32
		{AC6A2927-5746-4A84-9E30-DFFE0722833B}.Debug_Unicode.Build.0 = Debug_Unicode|Win32
		{AC6A2927-5746-4A84-9E30-DFFE0722833B}.Release.ActiveCfg = Release|Win32
		{AC6A2927-5746-4A84-9E30-DFFE0722833B}.Release.Build.0 = Release|Win32
		{AC6A2927-5746-4A84-9E30-DFFE0722833B}.Release_Unicode.ActiveCfg = Release_Unicode|Win32
		{AC6A2927-5746-4A84-9E30-DFFE0722833B}.Release_Unicode.Build.0 = Release_Unicode|Win32
		{E8BB4ED2-44D1-4541-A6B4-C05C201FB856}.Debug.ActiveCfg = Debug|Win32
		{E8BB4ED2-44D1-4541-A6B4-C05C201FB856}.Debug.Build.0 = Debug|Win32
		{E8BB4ED2-44D1-4541-A6B4-C05C201FB856}.Debug_Unicode.ActiveCfg = Debug_Unicode|Win32
		{E8BB4ED2-44D1-4541-A6B4-C05C201FB856}.Debug_Unicode.Build.0 = Debug_Unicode|Win32
		{E8BB4ED2-44D1-4541-A6B4-C05C201FB856}.Release.ActiveCfg = Release|Win32
		{E8BB4ED2-44D1-4541-A6B4-C05C201FB856}.Release.Build.0 = Release|Win32
		{E8BB4ED2-44D1-4541-A6B4-C05C201FB856}.Release_Unicode.ActiveCfg = Release_Unicode|Win32
		{E8BB4ED2-44D1-4541-A6B4-C05C201FB856}.Release_Unicode.Build.0 = Release_Unicode|Win32
		{CC596332-197E-407B-95F3-CB817470ED84}.Debug.ActiveCfg = Debug|Win32
		{CC596332-197E-407B-95F3-CB817470ED84}.Debug.Build.0 = Debug|Win32
		{CC596332-197E-407B-95F3-CB817470ED84}.Debug_Unicode.ActiveCfg = Debug_Unicode|Win32
		{CC596332-197E-407B-95F3-CB817470ED84}.Debug_Unicode.Build.0 = Debug_Unicode|Win32
		{CC596332-197E-407B-95F3-CB817470ED84}.Release.ActiveCfg = Release|Win32
		{CC596332-197E-407B-95F3-CB817470ED84}.Release.Build.0 = Release|Win32
		{CC596332-197E-407B-95F3-CB817470ED84}.Release_Unicode.ActiveCfg = Release_Unicode|Win32
		{CC596332-197E-407B-95F3-CB817470ED84}.Release_Unicode.Build.0 = Release_Unicode|Win32
		{3E5290EE-EC1B-4591-BB6F-B453BB65F471}.Debug.ActiveCfg = Debug|Win32
		{3E5290EE-EC1B-4591-BB6F-B453BB65F471}.Debug.Build.0 = Debug|Win32
		{3E5290EE-EC1B-4591-BB6F-B453BB65F471}.Debug_Unicode.ActiveCfg = Debug_Unicode|Win32
		{3E5290EE-EC1B-4591-BB6F-B453BB65F471}.Debug_Unicode.Build.0 = Debug_Unicode|Win32
		{3E5290EE-EC1B-4591-BB6F-B453BB65F471}.Release.ActiveCfg = Release|Win32
		{3E5290EE-EC1B-4591-BB6F-B453BB65F471}.Release.Build.0 = Release|Win32
		{3E5290EE-EC1B-4591-BB6F-B453BB65F471}.Release_Unicode.ActiveCfg = Release_Unicode|Win32
		{3E5290EE-EC1B-4591-BB6F-B453BB65F471}.Release_Unicode.Build.0 = Release_Unicode|Win32
		{EF2F0AF7-DC00-454B-9EC7-CC7887AA0137}.Debug.ActiveCfg = Debug|Win32
		{EF2F0AF7-DC00-454B-9EC7-CC7887AA0137}.Debug.Build.0 = Debug|Win32
		{EF2F0AF7-DC00-454B-9EC7-CC7887AA0137}.Debug_Unicode.ActiveCfg = Debug_Unicode|Win32
		{EF2F0AF7-DC00-454B-9EC7-CC7887AA0137}.Debug_Unicode.Build.0 = Debug_Unicode|Win32
		{EF2F0AF7-DC00-454B-9EC7-CC7887AA0137}.Release.ActiveCfg = Release|Win32
		{EF2F0AF7-DC00-454B-9EC7-CC7887AA0137}.Release.Build.0 = Release|Win32
		{EF2F0AF7-DC00-454B-9EC7-CC7887AA0137}.Release_Unicode.ActiveCfg = Release_Unicode|Win32
		{EF2F0AF7-DC00-454B-9EC7-CC7887AA0137}.Release_Unicode.Build.0 = Release_Unicode|Win32
		{4A3E5E93-A227-426F-8E6F-F588B9CA87B5}.Debug.ActiveCfg = Debug|Win32
		{4A3E5E93-A227-426F-8E6F-F588B9CA87B5}.Debug.Build.0 = Debug|Win32
		{4A3E5E93-A227-426F-8E6F-F588B9CA87B5}.Debug_Unicode.ActiveCfg = Debug_Unicode|Win32
		{4A3E5E93-A227-426F-8E6F-F588B9CA87B5}.Debug_Unicode.Build.0 = Debug_Unicode|Win32
		{4A3E5E93-A227-426F-8E6F-F588B9CA87B5}.Release.ActiveCfg = Release|Win32
		{4A3E5E93-A227-426F-8E6F-F588B9CA87B5}.Release.Build.0 = Release|Win32
		{4A3E5E93-A227-426F-8E6F-F588B9CA87B5}.Release_Unicode.ActiveCfg = Release_Unicode|Win32
		{4A3E5E93-A227-426F-8E6F-F588B9CA87B5}.Release_Unicode.Build.0 = Release_Unicode|Win32
	EndGlobalSection
	GlobalSection(ExtensibilityGlobals) = postSolution
	EndGlobalSection
	GlobalSection(ExtensibilityAddIns) = postSolution
	EndGlobalSection
EndGlobal
