Microsoft Visual Studio Solution File, Format Version 8.00
Project("{8BC9CEB8-8B4A-11D0-8D11-00A0C91BC942}") = "µÇÂ¼·þÎñÆ÷", "LogonServer.vcproj", "{CD826B8C-89BD-44AF-A1DE-0A91494CD763}"
	ProjectSection(ProjectDependencies) = postProject
	EndProjectSection
EndProject
Global
	GlobalSection(SolutionConfiguration) = preSolution
		Debug = Debug
		Debug_Unicode = Debug_Unicode
		Release = Release
		Release_Unicode = Release_Unicode
	EndGlobalSection
	GlobalSection(ProjectDependencies) = postSolution
	EndGlobalSection
	GlobalSection(ProjectConfiguration) = postSolution
		{CD826B8C-89BD-44AF-A1DE-0A91494CD763}.Debug.ActiveCfg = Debug|Win32
		{CD826B8C-89BD-44AF-A1DE-0A91494CD763}.Debug.Build.0 = Debug|Win32
		{CD826B8C-89BD-44AF-A1DE-0A91494CD763}.Debug_Unicode.ActiveCfg = Debug_Unicode|Win32
		{CD826B8C-89BD-44AF-A1DE-0A91494CD763}.Debug_Unicode.Build.0 = Debug_Unicode|Win32
		{CD826B8C-89BD-44AF-A1DE-0A91494CD763}.Release.ActiveCfg = Release|Win32
		{CD826B8C-89BD-44AF-A1DE-0A91494CD763}.Release.Build.0 = Release|Win32
		{CD826B8C-89BD-44AF-A1DE-0A91494CD763}.Release_Unicode.ActiveCfg = Release_Unicode|Win32
		{CD826B8C-89BD-44AF-A1DE-0A91494CD763}.Release_Unicode.Build.0 = Release_Unicode|Win32
	EndGlobalSection
	GlobalSection(ExtensibilityGlobals) = postSolution
	EndGlobalSection
	GlobalSection(ExtensibilityAddIns) = postSolution
	EndGlobalSection
EndGlobal
